// !$*UTF8*$!
{
	archiveVersion = 1;
	classes = {
	};
	objectVersion = 46;
	objects = {

/* Begin PBXBuildFile section */
		883ACA111A041786006139C6 /* main.m in Sources */ = {isa = PBXBuildFile; fileRef = 883ACA101A041786006139C6 /* main.m */; };
		883ACA141A041786006139C6 /* AppDelegate.m in Sources */ = {isa = PBXBuildFile; fileRef = 883ACA131A041786006139C6 /* AppDelegate.m */; };
		883ACA171A041786006139C6 /* PDKTModelBuilder.xcdatamodeld in Sources */ = {isa = PBXBuildFile; fileRef = 883ACA151A041786006139C6 /* PDKTModelBuilder.xcdatamodeld */; };
		883ACA1A1A041786006139C6 /* ViewController.m in Sources */ = {isa = PBXBuildFile; fileRef = 883ACA191A041786006139C6 /* ViewController.m */; };
		883ACA1D1A041786006139C6 /* Main.storyboard in Resources */ = {isa = PBXBuildFile; fileRef = 883ACA1B1A041786006139C6 /* Main.storyboard */; };
		883ACA1F1A041786006139C6 /* Images.xcassets in Resources */ = {isa = PBXBuildFile; fileRef = 883ACA1E1A041786006139C6 /* Images.xcassets */; };
		883ACA221A041786006139C6 /* LaunchScreen.xib in Resources */ = {isa = PBXBuildFile; fileRef = 883ACA201A041786006139C6 /* LaunchScreen.xib */; };
		883ACA681A0417BA006139C6 /* __PDKTCoreDataEntityRelationshipOneToMany.m in Sources */ = {isa = PBXBuildFile; fileRef = 883ACA3F1A0417BA006139C6 /* __PDKTCoreDataEntityRelationshipOneToMany.m */; };
		883ACA691A0417BA006139C6 /* __PDKTCoreDataEntityRelationshipOneToOne.m in Sources */ = {isa = PBXBuildFile; fileRef = 883ACA411A0417BA006139C6 /* __PDKTCoreDataEntityRelationshipOneToOne.m */; };
		883ACA6A1A0417BA006139C6 /* PDKTCoreDataEntityRelationship.m in Sources */ = {isa = PBXBuildFile; fileRef = 883ACA431A0417BA006139C6 /* PDKTCoreDataEntityRelationship.m */; };
		883ACA6B1A0417BA006139C6 /* NSManagedObject+PDKTModelBuilder.m in Sources */ = {isa = PBXBuildFile; fileRef = 883ACA451A0417BA006139C6 /* NSManagedObject+PDKTModelBuilder.m */; };
		883ACA771A0417BA006139C6 /* PDKTEntityDataParser.m in Sources */ = {isa = PBXBuildFile; fileRef = 883ACA611A0417BA006139C6 /* PDKTEntityDataParser.m */; };
		883ACA971A041CE8006139C6 /* BoolTransformerTests.m in Sources */ = {isa = PBXBuildFile; fileRef = 883ACA961A041CE8006139C6 /* BoolTransformerTests.m */; };
		883ACA991A041E5B006139C6 /* DateTransformersTests.m in Sources */ = {isa = PBXBuildFile; fileRef = 883ACA981A041E5B006139C6 /* DateTransformersTests.m */; };
		883ACA9B1A042638006139C6 /* DoubleTransformerTests.m in Sources */ = {isa = PBXBuildFile; fileRef = 883ACA9A1A042638006139C6 /* DoubleTransformerTests.m */; };
		883ACA9D1A0428C8006139C6 /* FloatTransformerTests.m in Sources */ = {isa = PBXBuildFile; fileRef = 883ACA9C1A0428C8006139C6 /* FloatTransformerTests.m */; };
		883ACA9F1A042937006139C6 /* IntegerTransformerTests.m in Sources */ = {isa = PBXBuildFile; fileRef = 883ACA9E1A042937006139C6 /* IntegerTransformerTests.m */; };
		883ACAA11A0429D6006139C6 /* StringTranformerTests.m in Sources */ = {isa = PBXBuildFile; fileRef = 883ACAA01A0429D6006139C6 /* StringTranformerTests.m */; };
		883ACAA31A042B63006139C6 /* URLTransformerTests.m in Sources */ = {isa = PBXBuildFile; fileRef = 883ACAA21A042B63006139C6 /* URLTransformerTests.m */; };
		883ACAA71A043711006139C6 /* __PDKTCoreDataEntityDataParser.m in Sources */ = {isa = PBXBuildFile; fileRef = 883ACAA61A043711006139C6 /* __PDKTCoreDataEntityDataParser.m */; };
		883ACAAC1A04379E006139C6 /* __PDKTPlainObjectEntityDataParser.m in Sources */ = {isa = PBXBuildFile; fileRef = 883ACAAB1A04379E006139C6 /* __PDKTPlainObjectEntityDataParser.m */; };
		883ACAB41A0437DC006139C6 /* __PDKTEntityRelationshipOneToMany.m in Sources */ = {isa = PBXBuildFile; fileRef = 883ACAAF1A0437DC006139C6 /* __PDKTEntityRelationshipOneToMany.m */; };
		883ACAB51A0437DC006139C6 /* __PDKTEntityRelationshipOneToOne.m in Sources */ = {isa = PBXBuildFile; fileRef = 883ACAB11A0437DC006139C6 /* __PDKTEntityRelationshipOneToOne.m */; };
		883ACAB61A0437DC006139C6 /* PDKTEntityRelationship.m in Sources */ = {isa = PBXBuildFile; fileRef = 883ACAB31A0437DC006139C6 /* PDKTEntityRelationship.m */; };
		883ACAC91A043815006139C6 /* PDKTBoolTransformer.m in Sources */ = {isa = PBXBuildFile; fileRef = 883ACAB91A043815006139C6 /* PDKTBoolTransformer.m */; };
		883ACACA1A043815006139C6 /* PDKTDataTransformer.m in Sources */ = {isa = PBXBuildFile; fileRef = 883ACABB1A043815006139C6 /* PDKTDataTransformer.m */; };
		883ACACB1A043815006139C6 /* PDKTDateTransformer.m in Sources */ = {isa = PBXBuildFile; fileRef = 883ACABE1A043815006139C6 /* PDKTDateTransformer.m */; };
		883ACACC1A043815006139C6 /* PDKTDoubleTransformer.m in Sources */ = {isa = PBXBuildFile; fileRef = 883ACAC01A043815006139C6 /* PDKTDoubleTransformer.m */; };
		883ACACD1A043815006139C6 /* PDKTFloatTransformer.m in Sources */ = {isa = PBXBuildFile; fileRef = 883ACAC21A043815006139C6 /* PDKTFloatTransformer.m */; };
		883ACACE1A043815006139C6 /* PDKTIntegerTransformer.m in Sources */ = {isa = PBXBuildFile; fileRef = 883ACAC41A043815006139C6 /* PDKTIntegerTransformer.m */; };
		883ACACF1A043815006139C6 /* PDKTStringTransformer.m in Sources */ = {isa = PBXBuildFile; fileRef = 883ACAC61A043815006139C6 /* PDKTStringTransformer.m */; };
		883ACAD01A043815006139C6 /* PDKTURLTransformer.m in Sources */ = {isa = PBXBuildFile; fileRef = 883ACAC81A043815006139C6 /* PDKTURLTransformer.m */; };
		883ACAD31A0438C9006139C6 /* NSObject+PDKTModelBuilder.m in Sources */ = {isa = PBXBuildFile; fileRef = 883ACAD21A0438C9006139C6 /* NSObject+PDKTModelBuilder.m */; };
		883ACAD51A043CCA006139C6 /* NSObjectModelsTests.m in Sources */ = {isa = PBXBuildFile; fileRef = 883ACAD41A043CCA006139C6 /* NSObjectModelsTests.m */; };
		88619E271A7FC296009AD2B5 /* PDKTEntityDataParserFactory.m in Sources */ = {isa = PBXBuildFile; fileRef = 88619E261A7FC296009AD2B5 /* PDKTEntityDataParserFactory.m */; };
		88619E2A1A7FC2DF009AD2B5 /* PDKTCoreDataEntityDataParserFactory.m in Sources */ = {isa = PBXBuildFile; fileRef = 88619E291A7FC2DF009AD2B5 /* PDKTCoreDataEntityDataParserFactory.m */; };
		88C464511A1291D000A6B9D6 /* NSManagedObjectModelsTests.m in Sources */ = {isa = PBXBuildFile; fileRef = 88C464501A1291D000A6B9D6 /* NSManagedObjectModelsTests.m */; };
		88C4645C1A1292BE00A6B9D6 /* UserEntity+PDKTModelBuilderEntity.m in Sources */ = {isa = PBXBuildFile; fileRef = 88C4645B1A1292BE00A6B9D6 /* UserEntity+PDKTModelBuilderEntity.m */; };
		88C4645F1A1292D100A6B9D6 /* PictureEntity+PDKTModelBuilderEntity.m in Sources */ = {isa = PBXBuildFile; fileRef = 88C4645E1A1292D100A6B9D6 /* PictureEntity+PDKTModelBuilderEntity.m */; };
		88C4646C1A12938200A6B9D6 /* InMemoryCoreDataStack.m in Sources */ = {isa = PBXBuildFile; fileRef = 88C464661A12938200A6B9D6 /* InMemoryCoreDataStack.m */; };
		88C4646D1A12938200A6B9D6 /* TestablePicture+PDKTModelBuilderEntity.m in Sources */ = {isa = PBXBuildFile; fileRef = 88C464681A12938200A6B9D6 /* TestablePicture+PDKTModelBuilderEntity.m */; };
		88C4646E1A12938200A6B9D6 /* TestablePicture.m in Sources */ = {isa = PBXBuildFile; fileRef = 88C4646A1A12938200A6B9D6 /* TestablePicture.m */; };
		88C4646F1A12948300A6B9D6 /* Info.plist in Resources */ = {isa = PBXBuildFile; fileRef = 88C464641A12938200A6B9D6 /* Info.plist */; };
		88C464751A129FAD00A6B9D6 /* PictureEntity.m in Sources */ = {isa = PBXBuildFile; fileRef = 88C464741A129FAD00A6B9D6 /* PictureEntity.m */; };
		A9D84FB31B5FA4DE003E3BD1 /* UserEntity.m in Sources */ = {isa = PBXBuildFile; fileRef = A9D84FB21B5FA4DE003E3BD1 /* UserEntity.m */; };
		A9E7B51A1C4BB031009F8A64 /* PDKTDateTimeZoneCeroTransformer.m in Sources */ = {isa = PBXBuildFile; fileRef = A9E7B5191C4BB030009F8A64 /* PDKTDateTimeZoneCeroTransformer.m */; };
/* End PBXBuildFile section */

/* Begin PBXContainerItemProxy section */
		883ACA281A041786006139C6 /* PBXContainerItemProxy */ = {
			isa = PBXContainerItemProxy;
			containerPortal = 883ACA031A041786006139C6 /* Project object */;
			proxyType = 1;
			remoteGlobalIDString = 883ACA0A1A041786006139C6;
			remoteInfo = PDKTModelBuilder;
		};
/* End PBXContainerItemProxy section */

/* Begin PBXFileReference section */
		883ACA0B1A041786006139C6 /* PDKTModelBuilder.app */ = {isa = PBXFileReference; explicitFileType = wrapper.application; includeInIndex = 0; path = PDKTModelBuilder.app; sourceTree = BUILT_PRODUCTS_DIR; };
		883ACA0F1A041786006139C6 /* Info.plist */ = {isa = PBXFileReference; lastKnownFileType = text.plist.xml; path = Info.plist; sourceTree = "<group>"; };
		883ACA101A041786006139C6 /* main.m */ = {isa = PBXFileReference; lastKnownFileType = sourcecode.c.objc; path = main.m; sourceTree = "<group>"; };
		883ACA121A041786006139C6 /* AppDelegate.h */ = {isa = PBXFileReference; lastKnownFileType = sourcecode.c.h; path = AppDelegate.h; sourceTree = "<group>"; };
		883ACA131A041786006139C6 /* AppDelegate.m */ = {isa = PBXFileReference; lastKnownFileType = sourcecode.c.objc; path = AppDelegate.m; sourceTree = "<group>"; };
		883ACA161A041786006139C6 /* PDKTModelBuilder.xcdatamodel */ = {isa = PBXFileReference; lastKnownFileType = wrapper.xcdatamodel; path = PDKTModelBuilder.xcdatamodel; sourceTree = "<group>"; };
		883ACA181A041786006139C6 /* ViewController.h */ = {isa = PBXFileReference; lastKnownFileType = sourcecode.c.h; path = ViewController.h; sourceTree = "<group>"; };
		883ACA191A041786006139C6 /* ViewController.m */ = {isa = PBXFileReference; lastKnownFileType = sourcecode.c.objc; path = ViewController.m; sourceTree = "<group>"; };
		883ACA1C1A041786006139C6 /* Base */ = {isa = PBXFileReference; lastKnownFileType = file.storyboard; name = Base; path = Base.lproj/Main.storyboard; sourceTree = "<group>"; };
		883ACA1E1A041786006139C6 /* Images.xcassets */ = {isa = PBXFileReference; lastKnownFileType = folder.assetcatalog; path = Images.xcassets; sourceTree = "<group>"; };
		883ACA211A041786006139C6 /* Base */ = {isa = PBXFileReference; lastKnownFileType = file.xib; name = Base; path = Base.lproj/LaunchScreen.xib; sourceTree = "<group>"; };
		883ACA271A041786006139C6 /* PDKTModelBuilderTests.xctest */ = {isa = PBXFileReference; explicitFileType = wrapper.cfbundle; includeInIndex = 0; path = PDKTModelBuilderTests.xctest; sourceTree = BUILT_PRODUCTS_DIR; };
		883ACA3E1A0417BA006139C6 /* __PDKTCoreDataEntityRelationshipOneToMany.h */ = {isa = PBXFileReference; fileEncoding = 4; lastKnownFileType = sourcecode.c.h; path = __PDKTCoreDataEntityRelationshipOneToMany.h; sourceTree = "<group>"; };
		883ACA3F1A0417BA006139C6 /* __PDKTCoreDataEntityRelationshipOneToMany.m */ = {isa = PBXFileReference; fileEncoding = 4; lastKnownFileType = sourcecode.c.objc; path = __PDKTCoreDataEntityRelationshipOneToMany.m; sourceTree = "<group>"; };
		883ACA401A0417BA006139C6 /* __PDKTCoreDataEntityRelationshipOneToOne.h */ = {isa = PBXFileReference; fileEncoding = 4; lastKnownFileType = sourcecode.c.h; path = __PDKTCoreDataEntityRelationshipOneToOne.h; sourceTree = "<group>"; };
		883ACA411A0417BA006139C6 /* __PDKTCoreDataEntityRelationshipOneToOne.m */ = {isa = PBXFileReference; fileEncoding = 4; lastKnownFileType = sourcecode.c.objc; path = __PDKTCoreDataEntityRelationshipOneToOne.m; sourceTree = "<group>"; };
		883ACA421A0417BA006139C6 /* PDKTCoreDataEntityRelationship.h */ = {isa = PBXFileReference; fileEncoding = 4; lastKnownFileType = sourcecode.c.h; path = PDKTCoreDataEntityRelationship.h; sourceTree = "<group>"; };
		883ACA431A0417BA006139C6 /* PDKTCoreDataEntityRelationship.m */ = {isa = PBXFileReference; fileEncoding = 4; lastKnownFileType = sourcecode.c.objc; path = PDKTCoreDataEntityRelationship.m; sourceTree = "<group>"; };
		883ACA441A0417BA006139C6 /* NSManagedObject+PDKTModelBuilder.h */ = {isa = PBXFileReference; fileEncoding = 4; lastKnownFileType = sourcecode.c.h; path = "NSManagedObject+PDKTModelBuilder.h"; sourceTree = "<group>"; };
		883ACA451A0417BA006139C6 /* NSManagedObject+PDKTModelBuilder.m */ = {isa = PBXFileReference; fileEncoding = 4; lastKnownFileType = sourcecode.c.objc; path = "NSManagedObject+PDKTModelBuilder.m"; sourceTree = "<group>"; };
		883ACA461A0417BA006139C6 /* PDKTModelBuilder+CoreData.h */ = {isa = PBXFileReference; fileEncoding = 4; lastKnownFileType = sourcecode.c.h; path = "PDKTModelBuilder+CoreData.h"; sourceTree = "<group>"; };
		883ACA601A0417BA006139C6 /* PDKTEntityDataParser.h */ = {isa = PBXFileReference; fileEncoding = 4; lastKnownFileType = sourcecode.c.h; path = PDKTEntityDataParser.h; sourceTree = "<group>"; };
		883ACA611A0417BA006139C6 /* PDKTEntityDataParser.m */ = {isa = PBXFileReference; fileEncoding = 4; lastKnownFileType = sourcecode.c.objc; path = PDKTEntityDataParser.m; sourceTree = "<group>"; };
		883ACA641A0417BA006139C6 /* PDKTModelBuilder.h */ = {isa = PBXFileReference; fileEncoding = 4; lastKnownFileType = sourcecode.c.h; path = PDKTModelBuilder.h; sourceTree = "<group>"; };
		883ACA651A0417BA006139C6 /* PDKTModelBuilderEntity.h */ = {isa = PBXFileReference; fileEncoding = 4; lastKnownFileType = sourcecode.c.h; path = PDKTModelBuilderEntity.h; sourceTree = "<group>"; };
		883ACA961A041CE8006139C6 /* BoolTransformerTests.m */ = {isa = PBXFileReference; fileEncoding = 4; lastKnownFileType = sourcecode.c.objc; path = BoolTransformerTests.m; sourceTree = "<group>"; };
		883ACA981A041E5B006139C6 /* DateTransformersTests.m */ = {isa = PBXFileReference; fileEncoding = 4; lastKnownFileType = sourcecode.c.objc; path = DateTransformersTests.m; sourceTree = "<group>"; };
		883ACA9A1A042638006139C6 /* DoubleTransformerTests.m */ = {isa = PBXFileReference; fileEncoding = 4; lastKnownFileType = sourcecode.c.objc; path = DoubleTransformerTests.m; sourceTree = "<group>"; };
		883ACA9C1A0428C8006139C6 /* FloatTransformerTests.m */ = {isa = PBXFileReference; fileEncoding = 4; lastKnownFileType = sourcecode.c.objc; path = FloatTransformerTests.m; sourceTree = "<group>"; };
		883ACA9E1A042937006139C6 /* IntegerTransformerTests.m */ = {isa = PBXFileReference; fileEncoding = 4; lastKnownFileType = sourcecode.c.objc; path = IntegerTransformerTests.m; sourceTree = "<group>"; };
		883ACAA01A0429D6006139C6 /* StringTranformerTests.m */ = {isa = PBXFileReference; fileEncoding = 4; lastKnownFileType = sourcecode.c.objc; path = StringTranformerTests.m; sourceTree = "<group>"; };
		883ACAA21A042B63006139C6 /* URLTransformerTests.m */ = {isa = PBXFileReference; fileEncoding = 4; lastKnownFileType = sourcecode.c.objc; path = URLTransformerTests.m; sourceTree = "<group>"; };
		883ACAA51A043711006139C6 /* __PDKTCoreDataEntityDataParser.h */ = {isa = PBXFileReference; fileEncoding = 4; lastKnownFileType = sourcecode.c.h; path = __PDKTCoreDataEntityDataParser.h; sourceTree = "<group>"; };
		883ACAA61A043711006139C6 /* __PDKTCoreDataEntityDataParser.m */ = {isa = PBXFileReference; fileEncoding = 4; lastKnownFileType = sourcecode.c.objc; path = __PDKTCoreDataEntityDataParser.m; sourceTree = "<group>"; };
		883ACAAA1A04379E006139C6 /* __PDKTPlainObjectEntityDataParser.h */ = {isa = PBXFileReference; fileEncoding = 4; lastKnownFileType = sourcecode.c.h; path = __PDKTPlainObjectEntityDataParser.h; sourceTree = "<group>"; };
		883ACAAB1A04379E006139C6 /* __PDKTPlainObjectEntityDataParser.m */ = {isa = PBXFileReference; fileEncoding = 4; lastKnownFileType = sourcecode.c.objc; path = __PDKTPlainObjectEntityDataParser.m; sourceTree = "<group>"; };
		883ACAAE1A0437DC006139C6 /* __PDKTEntityRelationshipOneToMany.h */ = {isa = PBXFileReference; fileEncoding = 4; lastKnownFileType = sourcecode.c.h; path = __PDKTEntityRelationshipOneToMany.h; sourceTree = "<group>"; };
		883ACAAF1A0437DC006139C6 /* __PDKTEntityRelationshipOneToMany.m */ = {isa = PBXFileReference; fileEncoding = 4; lastKnownFileType = sourcecode.c.objc; path = __PDKTEntityRelationshipOneToMany.m; sourceTree = "<group>"; };
		883ACAB01A0437DC006139C6 /* __PDKTEntityRelationshipOneToOne.h */ = {isa = PBXFileReference; fileEncoding = 4; lastKnownFileType = sourcecode.c.h; path = __PDKTEntityRelationshipOneToOne.h; sourceTree = "<group>"; };
		883ACAB11A0437DC006139C6 /* __PDKTEntityRelationshipOneToOne.m */ = {isa = PBXFileReference; fileEncoding = 4; lastKnownFileType = sourcecode.c.objc; path = __PDKTEntityRelationshipOneToOne.m; sourceTree = "<group>"; };
		883ACAB21A0437DC006139C6 /* PDKTEntityRelationship.h */ = {isa = PBXFileReference; fileEncoding = 4; lastKnownFileType = sourcecode.c.h; path = PDKTEntityRelationship.h; sourceTree = "<group>"; };
		883ACAB31A0437DC006139C6 /* PDKTEntityRelationship.m */ = {isa = PBXFileReference; fileEncoding = 4; lastKnownFileType = sourcecode.c.objc; path = PDKTEntityRelationship.m; sourceTree = "<group>"; };
		883ACAB81A043815006139C6 /* PDKTBoolTransformer.h */ = {isa = PBXFileReference; fileEncoding = 4; lastKnownFileType = sourcecode.c.h; path = PDKTBoolTransformer.h; sourceTree = "<group>"; };
		883ACAB91A043815006139C6 /* PDKTBoolTransformer.m */ = {isa = PBXFileReference; fileEncoding = 4; lastKnownFileType = sourcecode.c.objc; path = PDKTBoolTransformer.m; sourceTree = "<group>"; };
		883ACABA1A043815006139C6 /* PDKTDataTransformer.h */ = {isa = PBXFileReference; fileEncoding = 4; lastKnownFileType = sourcecode.c.h; path = PDKTDataTransformer.h; sourceTree = "<group>"; };
		883ACABB1A043815006139C6 /* PDKTDataTransformer.m */ = {isa = PBXFileReference; fileEncoding = 4; lastKnownFileType = sourcecode.c.objc; path = PDKTDataTransformer.m; sourceTree = "<group>"; };
		883ACABC1A043815006139C6 /* PDKTDataTransformers.h */ = {isa = PBXFileReference; fileEncoding = 4; lastKnownFileType = sourcecode.c.h; path = PDKTDataTransformers.h; sourceTree = "<group>"; };
		883ACABD1A043815006139C6 /* PDKTDateTransformer.h */ = {isa = PBXFileReference; fileEncoding = 4; lastKnownFileType = sourcecode.c.h; path = PDKTDateTransformer.h; sourceTree = "<group>"; };
		883ACABE1A043815006139C6 /* PDKTDateTransformer.m */ = {isa = PBXFileReference; fileEncoding = 4; lastKnownFileType = sourcecode.c.objc; path = PDKTDateTransformer.m; sourceTree = "<group>"; };
		883ACABF1A043815006139C6 /* PDKTDoubleTransformer.h */ = {isa = PBXFileReference; fileEncoding = 4; lastKnownFileType = sourcecode.c.h; path = PDKTDoubleTransformer.h; sourceTree = "<group>"; };
		883ACAC01A043815006139C6 /* PDKTDoubleTransformer.m */ = {isa = PBXFileReference; fileEncoding = 4; lastKnownFileType = sourcecode.c.objc; path = PDKTDoubleTransformer.m; sourceTree = "<group>"; };
		883ACAC11A043815006139C6 /* PDKTFloatTransformer.h */ = {isa = PBXFileReference; fileEncoding = 4; lastKnownFileType = sourcecode.c.h; path = PDKTFloatTransformer.h; sourceTree = "<group>"; };
		883ACAC21A043815006139C6 /* PDKTFloatTransformer.m */ = {isa = PBXFileReference; fileEncoding = 4; lastKnownFileType = sourcecode.c.objc; path = PDKTFloatTransformer.m; sourceTree = "<group>"; };
		883ACAC31A043815006139C6 /* PDKTIntegerTransformer.h */ = {isa = PBXFileReference; fileEncoding = 4; lastKnownFileType = sourcecode.c.h; path = PDKTIntegerTransformer.h; sourceTree = "<group>"; };
		883ACAC41A043815006139C6 /* PDKTIntegerTransformer.m */ = {isa = PBXFileReference; fileEncoding = 4; lastKnownFileType = sourcecode.c.objc; path = PDKTIntegerTransformer.m; sourceTree = "<group>"; };
		883ACAC51A043815006139C6 /* PDKTStringTransformer.h */ = {isa = PBXFileReference; fileEncoding = 4; lastKnownFileType = sourcecode.c.h; path = PDKTStringTransformer.h; sourceTree = "<group>"; };
		883ACAC61A043815006139C6 /* PDKTStringTransformer.m */ = {isa = PBXFileReference; fileEncoding = 4; lastKnownFileType = sourcecode.c.objc; path = PDKTStringTransformer.m; sourceTree = "<group>"; };
		883ACAC71A043815006139C6 /* PDKTURLTransformer.h */ = {isa = PBXFileReference; fileEncoding = 4; lastKnownFileType = sourcecode.c.h; path = PDKTURLTransformer.h; sourceTree = "<group>"; };
		883ACAC81A043815006139C6 /* PDKTURLTransformer.m */ = {isa = PBXFileReference; fileEncoding = 4; lastKnownFileType = sourcecode.c.objc; path = PDKTURLTransformer.m; sourceTree = "<group>"; };
		883ACAD11A0438C9006139C6 /* NSObject+PDKTModelBuilder.h */ = {isa = PBXFileReference; fileEncoding = 4; lastKnownFileType = sourcecode.c.h; path = "NSObject+PDKTModelBuilder.h"; sourceTree = "<group>"; };
		883ACAD21A0438C9006139C6 /* NSObject+PDKTModelBuilder.m */ = {isa = PBXFileReference; fileEncoding = 4; lastKnownFileType = sourcecode.c.objc; path = "NSObject+PDKTModelBuilder.m"; sourceTree = "<group>"; };
		883ACAD41A043CCA006139C6 /* NSObjectModelsTests.m */ = {isa = PBXFileReference; fileEncoding = 4; lastKnownFileType = sourcecode.c.objc; path = NSObjectModelsTests.m; sourceTree = "<group>"; };
		88619E251A7FC296009AD2B5 /* PDKTEntityDataParserFactory.h */ = {isa = PBXFileReference; fileEncoding = 4; lastKnownFileType = sourcecode.c.h; path = PDKTEntityDataParserFactory.h; sourceTree = "<group>"; };
		88619E261A7FC296009AD2B5 /* PDKTEntityDataParserFactory.m */ = {isa = PBXFileReference; fileEncoding = 4; lastKnownFileType = sourcecode.c.objc; path = PDKTEntityDataParserFactory.m; sourceTree = "<group>"; };
		88619E281A7FC2DF009AD2B5 /* PDKTCoreDataEntityDataParserFactory.h */ = {isa = PBXFileReference; fileEncoding = 4; lastKnownFileType = sourcecode.c.h; path = PDKTCoreDataEntityDataParserFactory.h; sourceTree = "<group>"; };
		88619E291A7FC2DF009AD2B5 /* PDKTCoreDataEntityDataParserFactory.m */ = {isa = PBXFileReference; fileEncoding = 4; lastKnownFileType = sourcecode.c.objc; path = PDKTCoreDataEntityDataParserFactory.m; sourceTree = "<group>"; };
		88C464501A1291D000A6B9D6 /* NSManagedObjectModelsTests.m */ = {isa = PBXFileReference; fileEncoding = 4; lastKnownFileType = sourcecode.c.objc; path = NSManagedObjectModelsTests.m; sourceTree = "<group>"; };
		88C4645A1A1292BE00A6B9D6 /* UserEntity+PDKTModelBuilderEntity.h */ = {isa = PBXFileReference; fileEncoding = 4; lastKnownFileType = sourcecode.c.h; path = "UserEntity+PDKTModelBuilderEntity.h"; sourceTree = "<group>"; };
		88C4645B1A1292BE00A6B9D6 /* UserEntity+PDKTModelBuilderEntity.m */ = {isa = PBXFileReference; fileEncoding = 4; lastKnownFileType = sourcecode.c.objc; path = "UserEntity+PDKTModelBuilderEntity.m"; sourceTree = "<group>"; };
		88C4645D1A1292D100A6B9D6 /* PictureEntity+PDKTModelBuilderEntity.h */ = {isa = PBXFileReference; fileEncoding = 4; lastKnownFileType = sourcecode.c.h; path = "PictureEntity+PDKTModelBuilderEntity.h"; sourceTree = "<group>"; };
		88C4645E1A1292D100A6B9D6 /* PictureEntity+PDKTModelBuilderEntity.m */ = {isa = PBXFileReference; fileEncoding = 4; lastKnownFileType = sourcecode.c.objc; path = "PictureEntity+PDKTModelBuilderEntity.m"; sourceTree = "<group>"; };
		88C464641A12938200A6B9D6 /* Info.plist */ = {isa = PBXFileReference; fileEncoding = 4; lastKnownFileType = text.plist.xml; path = Info.plist; sourceTree = "<group>"; };
		88C464651A12938200A6B9D6 /* InMemoryCoreDataStack.h */ = {isa = PBXFileReference; fileEncoding = 4; lastKnownFileType = sourcecode.c.h; path = InMemoryCoreDataStack.h; sourceTree = "<group>"; };
		88C464661A12938200A6B9D6 /* InMemoryCoreDataStack.m */ = {isa = PBXFileReference; fileEncoding = 4; lastKnownFileType = sourcecode.c.objc; path = InMemoryCoreDataStack.m; sourceTree = "<group>"; };
		88C464671A12938200A6B9D6 /* TestablePicture+PDKTModelBuilderEntity.h */ = {isa = PBXFileReference; fileEncoding = 4; lastKnownFileType = sourcecode.c.h; path = "TestablePicture+PDKTModelBuilderEntity.h"; sourceTree = "<group>"; };
		88C464681A12938200A6B9D6 /* TestablePicture+PDKTModelBuilderEntity.m */ = {isa = PBXFileReference; fileEncoding = 4; lastKnownFileType = sourcecode.c.objc; path = "TestablePicture+PDKTModelBuilderEntity.m"; sourceTree = "<group>"; };
		88C464691A12938200A6B9D6 /* TestablePicture.h */ = {isa = PBXFileReference; fileEncoding = 4; lastKnownFileType = sourcecode.c.h; path = TestablePicture.h; sourceTree = "<group>"; };
		88C4646A1A12938200A6B9D6 /* TestablePicture.m */ = {isa = PBXFileReference; fileEncoding = 4; lastKnownFileType = sourcecode.c.objc; path = TestablePicture.m; sourceTree = "<group>"; };
		88C464731A129FAD00A6B9D6 /* PictureEntity.h */ = {isa = PBXFileReference; fileEncoding = 4; lastKnownFileType = sourcecode.c.h; path = PictureEntity.h; sourceTree = "<group>"; };
		88C464741A129FAD00A6B9D6 /* PictureEntity.m */ = {isa = PBXFileReference; fileEncoding = 4; lastKnownFileType = sourcecode.c.objc; path = PictureEntity.m; sourceTree = "<group>"; };
		A9D84FB11B5FA4DE003E3BD1 /* UserEntity.h */ = {isa = PBXFileReference; fileEncoding = 4; lastKnownFileType = sourcecode.c.h; path = UserEntity.h; sourceTree = "<group>"; };
		A9D84FB21B5FA4DE003E3BD1 /* UserEntity.m */ = {isa = PBXFileReference; fileEncoding = 4; lastKnownFileType = sourcecode.c.objc; path = UserEntity.m; sourceTree = "<group>"; };
		A9E7B5181C4BB030009F8A64 /* PDKTDateTimeZoneCeroTransformer.h */ = {isa = PBXFileReference; fileEncoding = 4; lastKnownFileType = sourcecode.c.h; path = PDKTDateTimeZoneCeroTransformer.h; sourceTree = "<group>"; };
		A9E7B5191C4BB030009F8A64 /* PDKTDateTimeZoneCeroTransformer.m */ = {isa = PBXFileReference; fileEncoding = 4; lastKnownFileType = sourcecode.c.objc; path = PDKTDateTimeZoneCeroTransformer.m; sourceTree = "<group>"; };
/* End PBXFileReference section */

/* Begin PBXFrameworksBuildPhase section */
		883ACA081A041786006139C6 /* Frameworks */ = {
			isa = PBXFrameworksBuildPhase;
			buildActionMask = 2147483647;
			files = (
			);
			runOnlyForDeploymentPostprocessing = 0;
		};
		883ACA241A041786006139C6 /* Frameworks */ = {
			isa = PBXFrameworksBuildPhase;
			buildActionMask = 2147483647;
			files = (
			);
			runOnlyForDeploymentPostprocessing = 0;
		};
/* End PBXFrameworksBuildPhase section */

/* Begin PBXGroup section */
		883ACA021A041786006139C6 = {
			isa = PBXGroup;
			children = (
				883ACA0D1A041786006139C6 /* PDKTModelBuilder */,
				883ACA2A1A041786006139C6 /* PDKTModelBuilderTests */,
				883ACA0C1A041786006139C6 /* Products */,
			);
			sourceTree = "<group>";
		};
		883ACA0C1A041786006139C6 /* Products */ = {
			isa = PBXGroup;
			children = (
				883ACA0B1A041786006139C6 /* PDKTModelBuilder.app */,
				883ACA271A041786006139C6 /* PDKTModelBuilderTests.xctest */,
			);
			name = Products;
			sourceTree = "<group>";
		};
		883ACA0D1A041786006139C6 /* PDKTModelBuilder */ = {
			isa = PBXGroup;
			children = (
				883ACA121A041786006139C6 /* AppDelegate.h */,
				883ACA131A041786006139C6 /* AppDelegate.m */,
				883ACA181A041786006139C6 /* ViewController.h */,
				883ACA191A041786006139C6 /* ViewController.m */,
				883ACA1B1A041786006139C6 /* Main.storyboard */,
				883ACA1E1A041786006139C6 /* Images.xcassets */,
				883ACA201A041786006139C6 /* LaunchScreen.xib */,
				883ACA151A041786006139C6 /* PDKTModelBuilder.xcdatamodeld */,
				88C464521A12927100A6B9D6 /* Models */,
				883ACA371A0417BA006139C6 /* PDKTModelBuilder */,
				883ACA0E1A041786006139C6 /* Supporting Files */,
			);
			path = PDKTModelBuilder;
			sourceTree = "<group>";
		};
		883ACA0E1A041786006139C6 /* Supporting Files */ = {
			isa = PBXGroup;
			children = (
				883ACA0F1A041786006139C6 /* Info.plist */,
				883ACA101A041786006139C6 /* main.m */,
			);
			name = "Supporting Files";
			sourceTree = "<group>";
		};
		883ACA2A1A041786006139C6 /* PDKTModelBuilderTests */ = {
			isa = PBXGroup;
			children = (
				883ACAD41A043CCA006139C6 /* NSObjectModelsTests.m */,
				88C464501A1291D000A6B9D6 /* NSManagedObjectModelsTests.m */,
				883ACA951A041CE8006139C6 /* PDKTDataTransformers */,
				88C464631A12938200A6B9D6 /* Supporting Files */,
			);
			path = PDKTModelBuilderTests;
			sourceTree = "<group>";
		};
		883ACA371A0417BA006139C6 /* PDKTModelBuilder */ = {
			isa = PBXGroup;
			children = (
				883ACA3A1A0417BA006139C6 /* CoreData */,
				883ACAA81A043763006139C6 /* PlainObjects */,
				883ACAB71A043815006139C6 /* DataTransformers */,
				883ACA601A0417BA006139C6 /* PDKTEntityDataParser.h */,
				883ACA611A0417BA006139C6 /* PDKTEntityDataParser.m */,
				883ACA641A0417BA006139C6 /* PDKTModelBuilder.h */,
				883ACA651A0417BA006139C6 /* PDKTModelBuilderEntity.h */,
			);
			name = PDKTModelBuilder;
			path = ../../PDKTModelBuilder;
			sourceTree = "<group>";
		};
		883ACA3A1A0417BA006139C6 /* CoreData */ = {
			isa = PBXGroup;
			children = (
				883ACAA41A043711006139C6 /* DataParser */,
				883ACA3D1A0417BA006139C6 /* EntityRelationships */,
				883ACA441A0417BA006139C6 /* NSManagedObject+PDKTModelBuilder.h */,
				883ACA451A0417BA006139C6 /* NSManagedObject+PDKTModelBuilder.m */,
				88619E281A7FC2DF009AD2B5 /* PDKTCoreDataEntityDataParserFactory.h */,
				88619E291A7FC2DF009AD2B5 /* PDKTCoreDataEntityDataParserFactory.m */,
				883ACA461A0417BA006139C6 /* PDKTModelBuilder+CoreData.h */,
			);
			path = CoreData;
			sourceTree = "<group>";
		};
		883ACA3D1A0417BA006139C6 /* EntityRelationships */ = {
			isa = PBXGroup;
			children = (
				883ACA3E1A0417BA006139C6 /* __PDKTCoreDataEntityRelationshipOneToMany.h */,
				883ACA3F1A0417BA006139C6 /* __PDKTCoreDataEntityRelationshipOneToMany.m */,
				883ACA401A0417BA006139C6 /* __PDKTCoreDataEntityRelationshipOneToOne.h */,
				883ACA411A0417BA006139C6 /* __PDKTCoreDataEntityRelationshipOneToOne.m */,
				883ACA421A0417BA006139C6 /* PDKTCoreDataEntityRelationship.h */,
				883ACA431A0417BA006139C6 /* PDKTCoreDataEntityRelationship.m */,
			);
			path = EntityRelationships;
			sourceTree = "<group>";
		};
		883ACA951A041CE8006139C6 /* PDKTDataTransformers */ = {
			isa = PBXGroup;
			children = (
				883ACA961A041CE8006139C6 /* BoolTransformerTests.m */,
				883ACA981A041E5B006139C6 /* DateTransformersTests.m */,
				883ACA9A1A042638006139C6 /* DoubleTransformerTests.m */,
				883ACA9C1A0428C8006139C6 /* FloatTransformerTests.m */,
				883ACA9E1A042937006139C6 /* IntegerTransformerTests.m */,
				883ACAA01A0429D6006139C6 /* StringTranformerTests.m */,
				883ACAA21A042B63006139C6 /* URLTransformerTests.m */,
			);
			path = PDKTDataTransformers;
			sourceTree = "<group>";
		};
		883ACAA41A043711006139C6 /* DataParser */ = {
			isa = PBXGroup;
			children = (
				883ACAA51A043711006139C6 /* __PDKTCoreDataEntityDataParser.h */,
				883ACAA61A043711006139C6 /* __PDKTCoreDataEntityDataParser.m */,
			);
			path = DataParser;
			sourceTree = "<group>";
		};
		883ACAA81A043763006139C6 /* PlainObjects */ = {
			isa = PBXGroup;
			children = (
				883ACAAD1A0437DC006139C6 /* EntityRelationships */,
				883ACAA91A04379E006139C6 /* DataParser */,
				883ACAD11A0438C9006139C6 /* NSObject+PDKTModelBuilder.h */,
				883ACAD21A0438C9006139C6 /* NSObject+PDKTModelBuilder.m */,
				88619E251A7FC296009AD2B5 /* PDKTEntityDataParserFactory.h */,
				88619E261A7FC296009AD2B5 /* PDKTEntityDataParserFactory.m */,
			);
			path = PlainObjects;
			sourceTree = "<group>";
		};
		883ACAA91A04379E006139C6 /* DataParser */ = {
			isa = PBXGroup;
			children = (
				883ACAAA1A04379E006139C6 /* __PDKTPlainObjectEntityDataParser.h */,
				883ACAAB1A04379E006139C6 /* __PDKTPlainObjectEntityDataParser.m */,
			);
			path = DataParser;
			sourceTree = "<group>";
		};
		883ACAAD1A0437DC006139C6 /* EntityRelationships */ = {
			isa = PBXGroup;
			children = (
				883ACAAE1A0437DC006139C6 /* __PDKTEntityRelationshipOneToMany.h */,
				883ACAAF1A0437DC006139C6 /* __PDKTEntityRelationshipOneToMany.m */,
				883ACAB01A0437DC006139C6 /* __PDKTEntityRelationshipOneToOne.h */,
				883ACAB11A0437DC006139C6 /* __PDKTEntityRelationshipOneToOne.m */,
				883ACAB21A0437DC006139C6 /* PDKTEntityRelationship.h */,
				883ACAB31A0437DC006139C6 /* PDKTEntityRelationship.m */,
			);
			path = EntityRelationships;
			sourceTree = "<group>";
		};
		883ACAB71A043815006139C6 /* DataTransformers */ = {
			isa = PBXGroup;
			children = (
				883ACAB81A043815006139C6 /* PDKTBoolTransformer.h */,
				883ACAB91A043815006139C6 /* PDKTBoolTransformer.m */,
				883ACABC1A043815006139C6 /* PDKTDataTransformers.h */,
				883ACABA1A043815006139C6 /* PDKTDataTransformer.h */,
				883ACABB1A043815006139C6 /* PDKTDataTransformer.m */,
				883ACABD1A043815006139C6 /* PDKTDateTransformer.h */,
				883ACABE1A043815006139C6 /* PDKTDateTransformer.m */,
				A9E7B5181C4BB030009F8A64 /* PDKTDateTimeZoneCeroTransformer.h */,
				A9E7B5191C4BB030009F8A64 /* PDKTDateTimeZoneCeroTransformer.m */,
				883ACABF1A043815006139C6 /* PDKTDoubleTransformer.h */,
				883ACAC01A043815006139C6 /* PDKTDoubleTransformer.m */,
				883ACAC11A043815006139C6 /* PDKTFloatTransformer.h */,
				883ACAC21A043815006139C6 /* PDKTFloatTransformer.m */,
				883ACAC31A043815006139C6 /* PDKTIntegerTransformer.h */,
				883ACAC41A043815006139C6 /* PDKTIntegerTransformer.m */,
				883ACAC51A043815006139C6 /* PDKTStringTransformer.h */,
				883ACAC61A043815006139C6 /* PDKTStringTransformer.m */,
				883ACAC71A043815006139C6 /* PDKTURLTransformer.h */,
				883ACAC81A043815006139C6 /* PDKTURLTransformer.m */,
			);
			path = DataTransformers;
			sourceTree = "<group>";
		};
		88C464521A12927100A6B9D6 /* Models */ = {
			isa = PBXGroup;
			children = (
				A9D84FB11B5FA4DE003E3BD1 /* UserEntity.h */,
				A9D84FB21B5FA4DE003E3BD1 /* UserEntity.m */,
				88C464731A129FAD00A6B9D6 /* PictureEntity.h */,
				88C464741A129FAD00A6B9D6 /* PictureEntity.m */,
				88C464591A1292A800A6B9D6 /* PDKTModelBuilderEntity */,
			);
			path = Models;
			sourceTree = "<group>";
		};
		88C464591A1292A800A6B9D6 /* PDKTModelBuilderEntity */ = {
			isa = PBXGroup;
			children = (
				88C4645A1A1292BE00A6B9D6 /* UserEntity+PDKTModelBuilderEntity.h */,
				88C4645B1A1292BE00A6B9D6 /* UserEntity+PDKTModelBuilderEntity.m */,
				88C4645D1A1292D100A6B9D6 /* PictureEntity+PDKTModelBuilderEntity.h */,
				88C4645E1A1292D100A6B9D6 /* PictureEntity+PDKTModelBuilderEntity.m */,
			);
			path = PDKTModelBuilderEntity;
			sourceTree = "<group>";
		};
		88C464631A12938200A6B9D6 /* Supporting Files */ = {
			isa = PBXGroup;
			children = (
				88C464641A12938200A6B9D6 /* Info.plist */,
				88C464651A12938200A6B9D6 /* InMemoryCoreDataStack.h */,
				88C464661A12938200A6B9D6 /* InMemoryCoreDataStack.m */,
				88C464671A12938200A6B9D6 /* TestablePicture+PDKTModelBuilderEntity.h */,
				88C464681A12938200A6B9D6 /* TestablePicture+PDKTModelBuilderEntity.m */,
				88C464691A12938200A6B9D6 /* TestablePicture.h */,
				88C4646A1A12938200A6B9D6 /* TestablePicture.m */,
			);
			path = "Supporting Files";
			sourceTree = "<group>";
		};
/* End PBXGroup section */

/* Begin PBXNativeTarget section */
		883ACA0A1A041786006139C6 /* PDKTModelBuilder */ = {
			isa = PBXNativeTarget;
			buildConfigurationList = 883ACA311A041786006139C6 /* Build configuration list for PBXNativeTarget "PDKTModelBuilder" */;
			buildPhases = (
				883ACA071A041786006139C6 /* Sources */,
				883ACA081A041786006139C6 /* Frameworks */,
				883ACA091A041786006139C6 /* Resources */,
			);
			buildRules = (
			);
			dependencies = (
			);
			name = PDKTModelBuilder;
			productName = PDKTModelBuilder;
			productReference = 883ACA0B1A041786006139C6 /* PDKTModelBuilder.app */;
			productType = "com.apple.product-type.application";
		};
		883ACA261A041786006139C6 /* PDKTModelBuilderTests */ = {
			isa = PBXNativeTarget;
			buildConfigurationList = 883ACA341A041786006139C6 /* Build configuration list for PBXNativeTarget "PDKTModelBuilderTests" */;
			buildPhases = (
				883ACA231A041786006139C6 /* Sources */,
				883ACA241A041786006139C6 /* Frameworks */,
				883ACA251A041786006139C6 /* Resources */,
			);
			buildRules = (
			);
			dependencies = (
				883ACA291A041786006139C6 /* PBXTargetDependency */,
			);
			name = PDKTModelBuilderTests;
			productName = PDKTModelBuilderTests;
			productReference = 883ACA271A041786006139C6 /* PDKTModelBuilderTests.xctest */;
			productType = "com.apple.product-type.bundle.unit-test";
		};
/* End PBXNativeTarget section */

/* Begin PBXProject section */
		883ACA031A041786006139C6 /* Project object */ = {
			isa = PBXProject;
			attributes = {
				LastUpgradeCheck = 0610;
				ORGANIZATIONNAME = Produkt;
				TargetAttributes = {
					883ACA0A1A041786006139C6 = {
						CreatedOnToolsVersion = 6.1;
					};
					883ACA261A041786006139C6 = {
						CreatedOnToolsVersion = 6.1;
						TestTargetID = 883ACA0A1A041786006139C6;
					};
				};
			};
			buildConfigurationList = 883ACA061A041786006139C6 /* Build configuration list for PBXProject "PDKTModelBuilder" */;
			compatibilityVersion = "Xcode 3.2";
			developmentRegion = English;
			hasScannedForEncodings = 0;
			knownRegions = (
				en,
				Base,
			);
			mainGroup = 883ACA021A041786006139C6;
			productRefGroup = 883ACA0C1A041786006139C6 /* Products */;
			projectDirPath = "";
			projectRoot = "";
			targets = (
				883ACA0A1A041786006139C6 /* PDKTModelBuilder */,
				883ACA261A041786006139C6 /* PDKTModelBuilderTests */,
			);
		};
/* End PBXProject section */

/* Begin PBXResourcesBuildPhase section */
		883ACA091A041786006139C6 /* Resources */ = {
			isa = PBXResourcesBuildPhase;
			buildActionMask = 2147483647;
			files = (
				883ACA1D1A041786006139C6 /* Main.storyboard in Resources */,
				883ACA221A041786006139C6 /* LaunchScreen.xib in Resources */,
				883ACA1F1A041786006139C6 /* Images.xcassets in Resources */,
			);
			runOnlyForDeploymentPostprocessing = 0;
		};
		883ACA251A041786006139C6 /* Resources */ = {
			isa = PBXResourcesBuildPhase;
			buildActionMask = 2147483647;
			files = (
				88C4646F1A12948300A6B9D6 /* Info.plist in Resources */,
			);
			runOnlyForDeploymentPostprocessing = 0;
		};
/* End PBXResourcesBuildPhase section */

/* Begin PBXSourcesBuildPhase section */
		883ACA071A041786006139C6 /* Sources */ = {
			isa = PBXSourcesBuildPhase;
			buildActionMask = 2147483647;
			files = (
				883ACAA71A043711006139C6 /* __PDKTCoreDataEntityDataParser.m in Sources */,
				883ACACD1A043815006139C6 /* PDKTFloatTransformer.m in Sources */,
				88C4645C1A1292BE00A6B9D6 /* UserEntity+PDKTModelBuilderEntity.m in Sources */,
				883ACAC91A043815006139C6 /* PDKTBoolTransformer.m in Sources */,
				883ACA6B1A0417BA006139C6 /* NSManagedObject+PDKTModelBuilder.m in Sources */,
				883ACAAC1A04379E006139C6 /* __PDKTPlainObjectEntityDataParser.m in Sources */,
				88619E2A1A7FC2DF009AD2B5 /* PDKTCoreDataEntityDataParserFactory.m in Sources */,
				883ACAD01A043815006139C6 /* PDKTURLTransformer.m in Sources */,
				883ACA6A1A0417BA006139C6 /* PDKTCoreDataEntityRelationship.m in Sources */,
				A9D84FB31B5FA4DE003E3BD1 /* UserEntity.m in Sources */,
				883ACACE1A043815006139C6 /* PDKTIntegerTransformer.m in Sources */,
				883ACA141A041786006139C6 /* AppDelegate.m in Sources */,
				88C464751A129FAD00A6B9D6 /* PictureEntity.m in Sources */,
				883ACACA1A043815006139C6 /* PDKTDataTransformer.m in Sources */,
				A9E7B51A1C4BB031009F8A64 /* PDKTDateTimeZoneCeroTransformer.m in Sources */,
				883ACA171A041786006139C6 /* PDKTModelBuilder.xcdatamodeld in Sources */,
				883ACACC1A043815006139C6 /* PDKTDoubleTransformer.m in Sources */,
				883ACA681A0417BA006139C6 /* __PDKTCoreDataEntityRelationshipOneToMany.m in Sources */,
				883ACA771A0417BA006139C6 /* PDKTEntityDataParser.m in Sources */,
				883ACA1A1A041786006139C6 /* ViewController.m in Sources */,
				883ACACB1A043815006139C6 /* PDKTDateTransformer.m in Sources */,
				88619E271A7FC296009AD2B5 /* PDKTEntityDataParserFactory.m in Sources */,
				883ACAB51A0437DC006139C6 /* __PDKTEntityRelationshipOneToOne.m in Sources */,
				883ACAB41A0437DC006139C6 /* __PDKTEntityRelationshipOneToMany.m in Sources */,
				88C4645F1A1292D100A6B9D6 /* PictureEntity+PDKTModelBuilderEntity.m in Sources */,
				883ACA111A041786006139C6 /* main.m in Sources */,
				883ACAD31A0438C9006139C6 /* NSObject+PDKTModelBuilder.m in Sources */,
				883ACAB61A0437DC006139C6 /* PDKTEntityRelationship.m in Sources */,
				883ACA691A0417BA006139C6 /* __PDKTCoreDataEntityRelationshipOneToOne.m in Sources */,
				883ACACF1A043815006139C6 /* PDKTStringTransformer.m in Sources */,
			);
			runOnlyForDeploymentPostprocessing = 0;
		};
		883ACA231A041786006139C6 /* Sources */ = {
			isa = PBXSourcesBuildPhase;
			buildActionMask = 2147483647;
			files = (
				88C4646E1A12938200A6B9D6 /* TestablePicture.m in Sources */,
				883ACA971A041CE8006139C6 /* BoolTransformerTests.m in Sources */,
				883ACA9B1A042638006139C6 /* DoubleTransformerTests.m in Sources */,
				883ACAA11A0429D6006139C6 /* StringTranformerTests.m in Sources */,
				88C464511A1291D000A6B9D6 /* NSManagedObjectModelsTests.m in Sources */,
				883ACAA31A042B63006139C6 /* URLTransformerTests.m in Sources */,
				883ACA9D1A0428C8006139C6 /* FloatTransformerTests.m in Sources */,
				883ACA991A041E5B006139C6 /* DateTransformersTests.m in Sources */,
				88C4646C1A12938200A6B9D6 /* InMemoryCoreDataStack.m in Sources */,
				88C4646D1A12938200A6B9D6 /* TestablePicture+PDKTModelBuilderEntity.m in Sources */,
				883ACA9F1A042937006139C6 /* IntegerTransformerTests.m in Sources */,
				883ACAD51A043CCA006139C6 /* NSObjectModelsTests.m in Sources */,
			);
			runOnlyForDeploymentPostprocessing = 0;
		};
/* End PBXSourcesBuildPhase section */

/* Begin PBXTargetDependency section */
		883ACA291A041786006139C6 /* PBXTargetDependency */ = {
			isa = PBXTargetDependency;
			target = 883ACA0A1A041786006139C6 /* PDKTModelBuilder */;
			targetProxy = 883ACA281A041786006139C6 /* PBXContainerItemProxy */;
		};
/* End PBXTargetDependency section */

/* Begin PBXVariantGroup section */
		883ACA1B1A041786006139C6 /* Main.storyboard */ = {
			isa = PBXVariantGroup;
			children = (
				883ACA1C1A041786006139C6 /* Base */,
			);
			name = Main.storyboard;
			sourceTree = "<group>";
		};
		883ACA201A041786006139C6 /* LaunchScreen.xib */ = {
			isa = PBXVariantGroup;
			children = (
				883ACA211A041786006139C6 /* Base */,
			);
			name = LaunchScreen.xib;
			sourceTree = "<group>";
		};
/* End PBXVariantGroup section */

/* Begin XCBuildConfiguration section */
		883ACA2F1A041786006139C6 /* Debug */ = {
			isa = XCBuildConfiguration;
			buildSettings = {
				ALWAYS_SEARCH_USER_PATHS = NO;
				CLANG_CXX_LANGUAGE_STANDARD = "gnu++0x";
				CLANG_CXX_LIBRARY = "libc++";
				CLANG_ENABLE_MODULES = YES;
				CLANG_ENABLE_OBJC_ARC = YES;
				CLANG_WARN_BOOL_CONVERSION = YES;
				CLANG_WARN_CONSTANT_CONVERSION = YES;
				CLANG_WARN_DIRECT_OBJC_ISA_USAGE = YES_ERROR;
				CLANG_WARN_EMPTY_BODY = YES;
				CLANG_WARN_ENUM_CONVERSION = YES;
				CLANG_WARN_INT_CONVERSION = YES;
				CLANG_WARN_OBJC_ROOT_CLASS = YES_ERROR;
				CLANG_WARN_UNREACHABLE_CODE = YES;
				CLANG_WARN__DUPLICATE_METHOD_MATCH = YES;
				"CODE_SIGN_IDENTITY[sdk=iphoneos*]" = "iPhone Developer";
				COPY_PHASE_STRIP = NO;
				ENABLE_STRICT_OBJC_MSGSEND = YES;
				GCC_C_LANGUAGE_STANDARD = gnu99;
				GCC_DYNAMIC_NO_PIC = NO;
				GCC_OPTIMIZATION_LEVEL = 0;
				GCC_PREPROCESSOR_DEFINITIONS = (
					"DEBUG=1",
					"$(inherited)",
				);
				GCC_SYMBOLS_PRIVATE_EXTERN = NO;
				GCC_WARN_64_TO_32_BIT_CONVERSION = YES;
				GCC_WARN_ABOUT_RETURN_TYPE = YES_ERROR;
				GCC_WARN_UNDECLARED_SELECTOR = YES;
				GCC_WARN_UNINITIALIZED_AUTOS = YES_AGGRESSIVE;
				GCC_WARN_UNUSED_FUNCTION = YES;
				GCC_WARN_UNUSED_VARIABLE = YES;
				IPHONEOS_DEPLOYMENT_TARGET = 8.1;
				MTL_ENABLE_DEBUG_INFO = YES;
				ONLY_ACTIVE_ARCH = YES;
				SDKROOT = iphoneos;
			};
			name = Debug;
		};
		883ACA301A041786006139C6 /* Release */ = {
			isa = XCBuildConfiguration;
			buildSettings = {
				ALWAYS_SEARCH_USER_PATHS = NO;
				CLANG_CXX_LANGUAGE_STANDARD = "gnu++0x";
				CLANG_CXX_LIBRARY = "libc++";
				CLANG_ENABLE_MODULES = YES;
				CLANG_ENABLE_OBJC_ARC = YES;
				CLANG_WARN_BOOL_CONVERSION = YES;
				CLANG_WARN_CONSTANT_CONVERSION = YES;
				CLANG_WARN_DIRECT_OBJC_ISA_USAGE = YES_ERROR;
				CLANG_WARN_EMPTY_BODY = YES;
				CLANG_WARN_ENUM_CONVERSION = YES;
				CLANG_WARN_INT_CONVERSION = YES;
				CLANG_WARN_OBJC_ROOT_CLASS = YES_ERROR;
				CLANG_WARN_UNREACHABLE_CODE = YES;
				CLANG_WARN__DUPLICATE_METHOD_MATCH = YES;
				"CODE_SIGN_IDENTITY[sdk=iphoneos*]" = "iPhone Developer";
				COPY_PHASE_STRIP = YES;
				ENABLE_NS_ASSERTIONS = NO;
				ENABLE_STRICT_OBJC_MSGSEND = YES;
				GCC_C_LANGUAGE_STANDARD = gnu99;
				GCC_WARN_64_TO_32_BIT_CONVERSION = YES;
				GCC_WARN_ABOUT_RETURN_TYPE = YES_ERROR;
				GCC_WARN_UNDECLARED_SELECTOR = YES;
				GCC_WARN_UNINITIALIZED_AUTOS = YES_AGGRESSIVE;
				GCC_WARN_UNUSED_FUNCTION = YES;
				GCC_WARN_UNUSED_VARIABLE = YES;
				IPHONEOS_DEPLOYMENT_TARGET = 8.1;
				MTL_ENABLE_DEBUG_INFO = NO;
				SDKROOT = iphoneos;
				VALIDATE_PRODUCT = YES;
			};
			name = Release;
		};
		883ACA321A041786006139C6 /* Debug */ = {
			isa = XCBuildConfiguration;
			buildSettings = {
				ASSETCATALOG_COMPILER_APPICON_NAME = AppIcon;
				INFOPLIST_FILE = PDKTModelBuilder/Info.plist;
				LD_RUNPATH_SEARCH_PATHS = "$(inherited) @executable_path/Frameworks";
				PRODUCT_NAME = "$(TARGET_NAME)";
			};
			name = Debug;
		};
		883ACA331A041786006139C6 /* Release */ = {
			isa = XCBuildConfiguration;
			buildSettings = {
				ASSETCATALOG_COMPILER_APPICON_NAME = AppIcon;
				INFOPLIST_FILE = PDKTModelBuilder/Info.plist;
				LD_RUNPATH_SEARCH_PATHS = "$(inherited) @executable_path/Frameworks";
				PRODUCT_NAME = "$(TARGET_NAME)";
			};
			name = Release;
		};
		883ACA351A041786006139C6 /* Debug */ = {
			isa = XCBuildConfiguration;
			buildSettings = {
				BUNDLE_LOADER = "$(TEST_HOST)";
				FRAMEWORK_SEARCH_PATHS = (
					"$(SDKROOT)/Developer/Library/Frameworks",
					"$(inherited)",
				);
				GCC_PREPROCESSOR_DEFINITIONS = (
					"DEBUG=1",
					"$(inherited)",
				);
				INFOPLIST_FILE = "PDKTModelBuilderTests/Supporting Files/Info.plist";
				LD_RUNPATH_SEARCH_PATHS = "$(inherited) @executable_path/Frameworks @loader_path/Frameworks";
				PRODUCT_NAME = "$(TARGET_NAME)";
				TEST_HOST = "$(BUILT_PRODUCTS_DIR)/PDKTModelBuilder.app/PDKTModelBuilder";
			};
			name = Debug;
		};
		883ACA361A041786006139C6 /* Release */ = {
			isa = XCBuildConfiguration;
			buildSettings = {
				BUNDLE_LOADER = "$(TEST_HOST)";
				FRAMEWORK_SEARCH_PATHS = (
					"$(SDKROOT)/Developer/Library/Frameworks",
					"$(inherited)",
				);
				INFOPLIST_FILE = "PDKTModelBuilderTests/Supporting Files/Info.plist";
				LD_RUNPATH_SEARCH_PATHS = "$(inherited) @executable_path/Frameworks @loader_path/Frameworks";
				PRODUCT_NAME = "$(TARGET_NAME)";
				TEST_HOST = "$(BUILT_PRODUCTS_DIR)/PDKTModelBuilder.app/PDKTModelBuilder";
			};
			name = Release;
		};
/* End XCBuildConfiguration section */

/* Begin XCConfigurationList section */
		883ACA061A041786006139C6 /* Build configuration list for PBXProject "PDKTModelBuilder" */ = {
			isa = XCConfigurationList;
			buildConfigurations = (
				883ACA2F1A041786006139C6 /* Debug */,
				883ACA301A041786006139C6 /* Release */,
			);
			defaultConfigurationIsVisible = 0;
			defaultConfigurationName = Release;
		};
		883ACA311A041786006139C6 /* Build configuration list for PBXNativeTarget "PDKTModelBuilder" */ = {
			isa = XCConfigurationList;
			buildConfigurations = (
				883ACA321A041786006139C6 /* Debug */,
				883ACA331A041786006139C6 /* Release */,
			);
			defaultConfigurationIsVisible = 0;
			defaultConfigurationName = Release;
		};
		883ACA341A041786006139C6 /* Build configuration list for PBXNativeTarget "PDKTModelBuilderTests" */ = {
			isa = XCConfigurationList;
			buildConfigurations = (
				883ACA351A041786006139C6 /* Debug */,
				883ACA361A041786006139C6 /* Release */,
			);
			defaultConfigurationIsVisible = 0;
			defaultConfigurationName = Release;
		};
/* End XCConfigurationList section */

/* Begin XCVersionGroup section */
		883ACA151A041786006139C6 /* PDKTModelBuilder.xcdatamodeld */ = {
			isa = XCVersionGroup;
			children = (
				883ACA161A041786006139C6 /* PDKTModelBuilder.xcdatamodel */,
			);
			currentVersion = 883ACA161A041786006139C6 /* PDKTModelBuilder.xcdatamodel */;
			path = PDKTModelBuilder.xcdatamodeld;
			sourceTree = "<group>";
			versionGroupType = wrapper.xcdatamodel;
		};
/* End XCVersionGroup section */
	};
	rootObject = 883ACA031A041786006139C6 /* Project object */;
}
